
Microsoft Visual Studio Solution File, Format Version 12.00
# Visual Studio Version 17
VisualStudioVersion = 17.10.35004.147
MinimumVisualStudioVersion = 10.0.40219.1
Project("{FAE04EC0-301F-11D3-BF4B-00C04F79EFBC}") = "Ispit.Todo", "Ispit.Todo\Ispit.Todo.csproj", "{EAD06BCC-AEB5-44A0-83D5-0AB5C9365FCE}"
EndProject
Global
	GlobalSection(SolutionConfigurationPlatforms) = preSolution
		Debug|Any CPU = Debug|Any CPU
		Release|Any CPU = Release|Any CPU
	EndGlobalSection
	GlobalSection(ProjectConfigurationPlatforms) = postSolution
		{EAD06BCC-AEB5-44A0-83D5-0AB5C9365FCE}.Debug|Any CPU.ActiveCfg = Debug|Any CPU
		{EAD06BCC-AEB5-44A0-83D5-0AB5C9365FCE}.Debug|Any CPU.Build.0 = Debug|Any CPU
		{EAD06BCC-AEB5-44A0-83D5-0AB5C9365FCE}.Release|Any CPU.ActiveCfg = Release|Any CPU
		{EAD06BCC-AEB5-44A0-83D5-0AB5C9365FCE}.Release|Any CPU.Build.0 = Release|Any CPU
	EndGlobalSection
	GlobalSection(SolutionProperties) = preSolution
		HideSolutionNode = FALSE
	EndGlobalSection
	GlobalSection(ExtensibilityGlobals) = postSolution
		SolutionGuid = {0101EB03-2A28-4F5F-B036-E42064BB58CC}
	EndGlobalSection
EndGlobal
